// !$*UTF8*$!
{
	archiveVersion = 1;
	classes = {
	};
	objectVersion = 46;
	objects = {

/* Begin PBXBuildFile section */
		56C0CD7A1C6444FE006E08C2 /* RNMediaPlayer.h in CopyFiles */ = {isa = PBXBuildFile; fileRef = 56C0CD791C6444FE006E08C2 /* RNMediaPlayer.h */; };
		56C0CD7C1C6444FE006E08C2 /* RNMediaPlayer.m in Sources */ = {isa = PBXBuildFile; fileRef = 56C0CD7B1C6444FE006E08C2 /* RNMediaPlayer.m */; };
		56C0CD881C64453F006E08C2 /* Container.m in Sources */ = {isa = PBXBuildFile; fileRef = 56C0CD831C64453F006E08C2 /* Container.m */; };
		56C0CD891C64453F006E08C2 /* ImageContainer.m in Sources */ = {isa = PBXBuildFile; fileRef = 56C0CD851C64453F006E08C2 /* ImageContainer.m */; };
		56C0CD8A1C64453F006E08C2 /* VideoContainer.m in Sources */ = {isa = PBXBuildFile; fileRef = 56C0CD871C64453F006E08C2 /* VideoContainer.m */; };
/* End PBXBuildFile section */

/* Begin PBXCopyFilesBuildPhase section */
		56C0CD741C6444FE006E08C2 /* CopyFiles */ = {
			isa = PBXCopyFilesBuildPhase;
			buildActionMask = 2147483647;
			dstPath = "include/$(PRODUCT_NAME)";
			dstSubfolderSpec = 16;
			files = (
				56C0CD7A1C6444FE006E08C2 /* RNMediaPlayer.h in CopyFiles */,
			);
			runOnlyForDeploymentPostprocessing = 0;
		};
/* End PBXCopyFilesBuildPhase section */

/* Begin PBXFileReference section */
		56C0CD761C6444FE006E08C2 /* libRNMediaPlayer.a */ = {isa = PBXFileReference; explicitFileType = archive.ar; includeInIndex = 0; path = libRNMediaPlayer.a; sourceTree = BUILT_PRODUCTS_DIR; };
		56C0CD791C6444FE006E08C2 /* RNMediaPlayer.h */ = {isa = PBXFileReference; lastKnownFileType = sourcecode.c.h; path = RNMediaPlayer.h; sourceTree = "<group>"; };
		56C0CD7B1C6444FE006E08C2 /* RNMediaPlayer.m */ = {isa = PBXFileReference; lastKnownFileType = sourcecode.c.objc; path = RNMediaPlayer.m; sourceTree = "<group>"; wrapsLines = 0; };
		56C0CD821C64453F006E08C2 /* Container.h */ = {isa = PBXFileReference; fileEncoding = 4; lastKnownFileType = sourcecode.c.h; path = Container.h; sourceTree = "<group>"; };
		56C0CD831C64453F006E08C2 /* Container.m */ = {isa = PBXFileReference; fileEncoding = 4; lastKnownFileType = sourcecode.c.objc; path = Container.m; sourceTree = "<group>"; };
		56C0CD841C64453F006E08C2 /* ImageContainer.h */ = {isa = PBXFileReference; fileEncoding = 4; lastKnownFileType = sourcecode.c.h; path = ImageContainer.h; sourceTree = "<group>"; };
		56C0CD851C64453F006E08C2 /* ImageContainer.m */ = {isa = PBXFileReference; fileEncoding = 4; lastKnownFileType = sourcecode.c.objc; path = ImageContainer.m; sourceTree = "<group>"; };
		56C0CD861C64453F006E08C2 /* VideoContainer.h */ = {isa = PBXFileReference; fileEncoding = 4; lastKnownFileType = sourcecode.c.h; path = VideoContainer.h; sourceTree = "<group>"; };
		56C0CD871C64453F006E08C2 /* VideoContainer.m */ = {isa = PBXFileReference; fileEncoding = 4; lastKnownFileType = sourcecode.c.objc; path = VideoContainer.m; sourceTree = "<group>"; };
/* End PBXFileReference section */

/* Begin PBXFrameworksBuildPhase section */
		56C0CD731C6444FE006E08C2 /* Frameworks */ = {
			isa = PBXFrameworksBuildPhase;
			buildActionMask = 2147483647;
			files = (
			);
			runOnlyForDeploymentPostprocessing = 0;
		};
/* End PBXFrameworksBuildPhase section */

/* Begin PBXGroup section */
		56C0CD6D1C6444FE006E08C2 = {
			isa = PBXGroup;
			children = (
				56C0CD781C6444FE006E08C2 /* RNMediaPlayer */,
				56C0CD771C6444FE006E08C2 /* Products */,
			);
			sourceTree = "<group>";
		};
		56C0CD771C6444FE006E08C2 /* Products */ = {
			isa = PBXGroup;
			children = (
				56C0CD761C6444FE006E08C2 /* libRNMediaPlayer.a */,
			);
			name = Products;
			sourceTree = "<group>";
		};
		56C0CD781C6444FE006E08C2 /* RNMediaPlayer */ = {
			isa = PBXGroup;
			children = (
				56C0CD821C64453F006E08C2 /* Container.h */,
				56C0CD831C64453F006E08C2 /* Container.m */,
				56C0CD841C64453F006E08C2 /* ImageContainer.h */,
				56C0CD851C64453F006E08C2 /* ImageContainer.m */,
				56C0CD861C64453F006E08C2 /* VideoContainer.h */,
				56C0CD871C64453F006E08C2 /* VideoContainer.m */,
				56C0CD791C6444FE006E08C2 /* RNMediaPlayer.h */,
				56C0CD7B1C6444FE006E08C2 /* RNMediaPlayer.m */,
			);
			path = RNMediaPlayer;
			sourceTree = "<group>";
		};
/* End PBXGroup section */

/* Begin PBXNativeTarget section */
		56C0CD751C6444FE006E08C2 /* RNMediaPlayer */ = {
			isa = PBXNativeTarget;
			buildConfigurationList = 56C0CD7F1C6444FE006E08C2 /* Build configuration list for PBXNativeTarget "RNMediaPlayer" */;
			buildPhases = (
				56C0CD721C6444FE006E08C2 /* Sources */,
				56C0CD731C6444FE006E08C2 /* Frameworks */,
				56C0CD741C6444FE006E08C2 /* CopyFiles */,
			);
			buildRules = (
			);
			dependencies = (
			);
			name = RNMediaPlayer;
			productName = RNMediaPlayer;
			productReference = 56C0CD761C6444FE006E08C2 /* libRNMediaPlayer.a */;
			productType = "com.apple.product-type.library.static";
		};
/* End PBXNativeTarget section */

/* Begin PBXProject section */
		56C0CD6E1C6444FE006E08C2 /* Project object */ = {
			isa = PBXProject;
			attributes = {
				LastUpgradeCheck = 0720;
				ORGANIZATIONNAME = MyBigDay;
				TargetAttributes = {
					56C0CD751C6444FE006E08C2 = {
						CreatedOnToolsVersion = 7.2;
					};
				};
			};
			buildConfigurationList = 56C0CD711C6444FE006E08C2 /* Build configuration list for PBXProject "RNMediaPlayer" */;
			compatibilityVersion = "Xcode 3.2";
			developmentRegion = English;
			hasScannedForEncodings = 0;
			knownRegions = (
				en,
			);
			mainGroup = 56C0CD6D1C6444FE006E08C2;
			productRefGroup = 56C0CD771C6444FE006E08C2 /* Products */;
			projectDirPath = "";
			projectRoot = "";
			targets = (
				56C0CD751C6444FE006E08C2 /* RNMediaPlayer */,
			);
		};
/* End PBXProject section */

/* Begin PBXSourcesBuildPhase section */
		56C0CD721C6444FE006E08C2 /* Sources */ = {
			isa = PBXSourcesBuildPhase;
			buildActionMask = 2147483647;
			files = (
				56C0CD7C1C6444FE006E08C2 /* RNMediaPlayer.m in Sources */,
				56C0CD8A1C64453F006E08C2 /* VideoContainer.m in Sources */,
				56C0CD891C64453F006E08C2 /* ImageContainer.m in Sources */,
				56C0CD881C64453F006E08C2 /* Container.m in Sources */,
			);
			runOnlyForDeploymentPostprocessing = 0;
		};
/* End PBXSourcesBuildPhase section */

/* Begin XCBuildConfiguration section */
		56C0CD7D1C6444FE006E08C2 /* Debug */ = {
			isa = XCBuildConfiguration;
			buildSettings = {
				ALWAYS_SEARCH_USER_PATHS = NO;
				CLANG_CXX_LANGUAGE_STANDARD = "gnu++0x";
				CLANG_CXX_LIBRARY = "libc++";
				CLANG_ENABLE_MODULES = YES;
				CLANG_ENABLE_OBJC_ARC = YES;
				CLANG_WARN_BOOL_CONVERSION = YES;
				CLANG_WARN_CONSTANT_CONVERSION = YES;
				CLANG_WARN_DIRECT_OBJC_ISA_USAGE = YES_ERROR;
				CLANG_WARN_EMPTY_BODY = YES;
				CLANG_WARN_ENUM_CONVERSION = YES;
				CLANG_WARN_INT_CONVERSION = YES;
				CLANG_WARN_OBJC_ROOT_CLASS = YES_ERROR;
				CLANG_WARN_UNREACHABLE_CODE = YES;
				CLANG_WARN__DUPLICATE_METHOD_MATCH = YES;
				"CODE_SIGN_IDENTITY[sdk=iphoneos*]" = "iPhone Developer";
				COPY_PHASE_STRIP = NO;
				DEBUG_INFORMATION_FORMAT = dwarf;
				ENABLE_STRICT_OBJC_MSGSEND = YES;
				ENABLE_TESTABILITY = YES;
				GCC_C_LANGUAGE_STANDARD = gnu99;
				GCC_DYNAMIC_NO_PIC = NO;
				GCC_NO_COMMON_BLOCKS = YES;
				GCC_OPTIMIZATION_LEVEL = 0;
				GCC_PREPROCESSOR_DEFINITIONS = (
					"DEBUG=1",
					"$(inherited)",
				);
				GCC_WARN_64_TO_32_BIT_CONVERSION = YES;
				GCC_WARN_ABOUT_RETURN_TYPE = YES_ERROR;
				GCC_WARN_UNDECLARED_SELECTOR = YES;
				GCC_WARN_UNINITIALIZED_AUTOS = YES_AGGRESSIVE;
				GCC_WARN_UNUSED_FUNCTION = YES;
				GCC_WARN_UNUSED_VARIABLE = YES;
				IPHONEOS_DEPLOYMENT_TARGET = 9.2;
				MTL_ENABLE_DEBUG_INFO = YES;
				ONLY_ACTIVE_ARCH = YES;
				SDKROOT = iphoneos;
			};
			name = Debug;
		};
		56C0CD7E1C6444FE006E08C2 /* Release */ = {
			isa = XCBuildConfiguration;
			buildSettings = {
				ALWAYS_SEARCH_USER_PATHS = NO;
				CLANG_CXX_LANGUAGE_STANDARD = "gnu++0x";
				CLANG_CXX_LIBRARY = "libc++";
				CLANG_ENABLE_MODULES = YES;
				CLANG_ENABLE_OBJC_ARC = YES;
				CLANG_WARN_BOOL_CONVERSION = YES;
				CLANG_WARN_CONSTANT_CONVERSION = YES;
				CLANG_WARN_DIRECT_OBJC_ISA_USAGE = YES_ERROR;
				CLANG_WARN_EMPTY_BODY = YES;
				CLANG_WARN_ENUM_CONVERSION = YES;
				CLANG_WARN_INT_CONVERSION = YES;
				CLANG_WARN_OBJC_ROOT_CLASS = YES_ERROR;
				CLANG_WARN_UNREACHABLE_CODE = YES;
				CLANG_WARN__DUPLICATE_METHOD_MATCH = YES;
				"CODE_SIGN_IDENTITY[sdk=iphoneos*]" = "iPhone Developer";
				COPY_PHASE_STRIP = NO;
				DEBUG_INFORMATION_FORMAT = "dwarf-with-dsym";
				ENABLE_NS_ASSERTIONS = NO;
				ENABLE_STRICT_OBJC_MSGSEND = YES;
				GCC_C_LANGUAGE_STANDARD = gnu99;
				GCC_NO_COMMON_BLOCKS = YES;
				GCC_WARN_64_TO_32_BIT_CONVERSION = YES;
				GCC_WARN_ABOUT_RETURN_TYPE = YES_ERROR;
				GCC_WARN_UNDECLARED_SELECTOR = YES;
				GCC_WARN_UNINITIALIZED_AUTOS = YES_AGGRESSIVE;
				GCC_WARN_UNUSED_FUNCTION = YES;
				GCC_WARN_UNUSED_VARIABLE = YES;
				IPHONEOS_DEPLOYMENT_TARGET = 9.2;
				MTL_ENABLE_DEBUG_INFO = NO;
				SDKROOT = iphoneos;
				VALIDATE_PRODUCT = YES;
			};
			name = Release;
		};
		56C0CD801C6444FE006E08C2 /* Debug */ = {
			isa = XCBuildConfiguration;
			buildSettings = {
				HEADER_SEARCH_PATHS = (
					"$(SRCROOT)/../../react-native/React/**",
					"$(SRCROOT)/../../../React/**",
					"$(SRCROOT)/../example/node_modules/react-native/React/**",
				);
				OTHER_LDFLAGS = "-ObjC";
				PRODUCT_NAME = "$(TARGET_NAME)";
				SKIP_INSTALL = YES;
			};
			name = Debug;
		};
		56C0CD811C6444FE006E08C2 /* Release */ = {
			isa = XCBuildConfiguration;
			buildSettings = {
				HEADER_SEARCH_PATHS = (
					"$(SRCROOT)/../../react-native/React/**",
					"$(SRCROOT)/../../../React/**",
					"$(SRCROOT)/../example/node_modules/react-native/React/**",
				);
				OTHER_LDFLAGS = "-ObjC";
				PRODUCT_NAME = "$(TARGET_NAME)";
				SKIP_INSTALL = YES;
			};
			name = Release;
		};
/* End XCBuildConfiguration section */

/* Begin XCConfigurationList section */
		56C0CD711C6444FE006E08C2 /* Build configuration list for PBXProject "RNMediaPlayer" */ = {
			isa = XCConfigurationList;
			buildConfigurations = (
				56C0CD7D1C6444FE006E08C2 /* Debug */,
				56C0CD7E1C6444FE006E08C2 /* Release */,
			);
			defaultConfigurationIsVisible = 0;
			defaultConfigurationName = Release;
		};
		56C0CD7F1C6444FE006E08C2 /* Build configuration list for PBXNativeTarget "RNMediaPlayer" */ = {
			isa = XCConfigurationList;
			buildConfigurations = (
				56C0CD801C6444FE006E08C2 /* Debug */,
				56C0CD811C6444FE006E08C2 /* Release */,
			);
			defaultConfigurationIsVisible = 0;
			defaultConfigurationName = Release;
		};
/* End XCConfigurationList section */
	};
	rootObject = 56C0CD6E1C6444FE006E08C2 /* Project object */;
}
